// !$*UTF8*$!
{
	archiveVersion = 1;
	classes = {
	};
	objectVersion = 46;
	objects = {

/* Begin PBXBuildFile section */
		4B477A201D3721F800052172 /* AppDelegate.swift in Sources */ = {isa = PBXBuildFile; fileRef = 4B477A1F1D3721F800052172 /* AppDelegate.swift */; };
		4B477A221D3721F800052172 /* ViewController.swift in Sources */ = {isa = PBXBuildFile; fileRef = 4B477A211D3721F800052172 /* ViewController.swift */; };
		4B477A251D3721F800052172 /* Main.storyboard in Resources */ = {isa = PBXBuildFile; fileRef = 4B477A231D3721F800052172 /* Main.storyboard */; };
		4B477A271D3721F800052172 /* Assets.xcassets in Resources */ = {isa = PBXBuildFile; fileRef = 4B477A261D3721F800052172 /* Assets.xcassets */; };
		4B477A2A1D3721F800052172 /* LaunchScreen.storyboard in Resources */ = {isa = PBXBuildFile; fileRef = 4B477A281D3721F800052172 /* LaunchScreen.storyboard */; };
/* End PBXBuildFile section */

/* Begin PBXFileReference section */
		4B477A1C1D3721F800052172 /* PokeMap.app */ = {isa = PBXFileReference; explicitFileType = wrapper.application; includeInIndex = 0; path = PokeMap.app; sourceTree = BUILT_PRODUCTS_DIR; };
		4B477A1F1D3721F800052172 /* AppDelegate.swift */ = {isa = PBXFileReference; lastKnownFileType = sourcecode.swift; path = AppDelegate.swift; sourceTree = "<group>"; };
		4B477A211D3721F800052172 /* ViewController.swift */ = {isa = PBXFileReference; lastKnownFileType = sourcecode.swift; path = ViewController.swift; sourceTree = "<group>"; };
		4B477A241D3721F800052172 /* Base */ = {isa = PBXFileReference; lastKnownFileType = file.storyboard; name = Base; path = Base.lproj/Main.storyboard; sourceTree = "<group>"; };
		4B477A261D3721F800052172 /* Assets.xcassets */ = {isa = PBXFileReference; lastKnownFileType = folder.assetcatalog; path = Assets.xcassets; sourceTree = "<group>"; };
		4B477A291D3721F800052172 /* Base */ = {isa = PBXFileReference; lastKnownFileType = file.storyboard; name = Base; path = Base.lproj/LaunchScreen.storyboard; sourceTree = "<group>"; };
		4B477A2B1D3721F800052172 /* Info.plist */ = {isa = PBXFileReference; lastKnownFileType = text.plist.xml; path = Info.plist; sourceTree = "<group>"; };
/* End PBXFileReference section */

/* Begin PBXFrameworksBuildPhase section */
		4B477A191D3721F800052172 /* Frameworks */ = {
			isa = PBXFrameworksBuildPhase;
			buildActionMask = 2147483647;
			files = (
			);
			runOnlyForDeploymentPostprocessing = 0;
		};
/* End PBXFrameworksBuildPhase section */

/* Begin PBXGroup section */
		4B477A131D3721F700052172 = {
			isa = PBXGroup;
			children = (
				4B477A1E1D3721F800052172 /* PokeMap */,
				4B477A1D1D3721F800052172 /* Products */,
			);
			sourceTree = "<group>";
		};
		4B477A1D1D3721F800052172 /* Products */ = {
			isa = PBXGroup;
			children = (
				4B477A1C1D3721F800052172 /* PokeMap.app */,
			);
			name = Products;
			sourceTree = "<group>";
		};
		4B477A1E1D3721F800052172 /* PokeMap */ = {
			isa = PBXGroup;
			children = (
				4B477A1F1D3721F800052172 /* AppDelegate.swift */,
				4B477A211D3721F800052172 /* ViewController.swift */,
				4B477A231D3721F800052172 /* Main.storyboard */,
				4B477A261D3721F800052172 /* Assets.xcassets */,
				4B477A281D3721F800052172 /* LaunchScreen.storyboard */,
				4B477A2B1D3721F800052172 /* Info.plist */,
			);
			path = PokeMap;
			sourceTree = "<group>";
		};
/* End PBXGroup section */

/* Begin PBXNativeTarget section */
		4B477A1B1D3721F800052172 /* PokeMap */ = {
			isa = PBXNativeTarget;
			buildConfigurationList = 4B477A2E1D3721F800052172 /* Build configuration list for PBXNativeTarget "PokeMap" */;
			buildPhases = (
				4B477A181D3721F800052172 /* Sources */,
				4B477A191D3721F800052172 /* Frameworks */,
				4B477A1A1D3721F800052172 /* Resources */,
			);
			buildRules = (
			);
			dependencies = (
			);
			name = PokeMap;
			productName = PokeMap;
			productReference = 4B477A1C1D3721F800052172 /* PokeMap.app */;
			productType = "com.apple.product-type.application";
		};
/* End PBXNativeTarget section */

/* Begin PBXProject section */
		4B477A141D3721F700052172 /* Project object */ = {
			isa = PBXProject;
			attributes = {
				LastSwiftUpdateCheck = 0730;
				LastUpgradeCheck = 0730;
				ORGANIZATIONNAME = OskarZhang;
				TargetAttributes = {
					4B477A1B1D3721F800052172 = {
						CreatedOnToolsVersion = 7.3.1;
					};
				};
			};
			buildConfigurationList = 4B477A171D3721F800052172 /* Build configuration list for PBXProject "PokeMap" */;
			compatibilityVersion = "Xcode 3.2";
			developmentRegion = English;
			hasScannedForEncodings = 0;
			knownRegions = (
				en,
				Base,
			);
			mainGroup = 4B477A131D3721F700052172;
			productRefGroup = 4B477A1D1D3721F800052172 /* Products */;
			projectDirPath = "";
			projectRoot = "";
			targets = (
				4B477A1B1D3721F800052172 /* PokeMap */,
			);
		};
/* End PBXProject section */

/* Begin PBXResourcesBuildPhase section */
		4B477A1A1D3721F800052172 /* Resources */ = {
			isa = PBXResourcesBuildPhase;
			buildActionMask = 2147483647;
			files = (
				4B477A2A1D3721F800052172 /* LaunchScreen.storyboard in Resources */,
				4B477A271D3721F800052172 /* Assets.xcassets in Resources */,
				4B477A251D3721F800052172 /* Main.storyboard in Resources */,
			);
			runOnlyForDeploymentPostprocessing = 0;
		};
/* End PBXResourcesBuildPhase section */

/* Begin PBXSourcesBuildPhase section */
		4B477A181D3721F800052172 /* Sources */ = {
			isa = PBXSourcesBuildPhase;
			buildActionMask = 2147483647;
			files = (
				4B477A221D3721F800052172 /* ViewController.swift in Sources */,
				4B477A201D3721F800052172 /* AppDelegate.swift in Sources */,
			);
			runOnlyForDeploymentPostprocessing = 0;
		};
/* End PBXSourcesBuildPhase section */

/* Begin PBXVariantGroup section */
		4B477A231D3721F800052172 /* Main.storyboard */ = {
			isa = PBXVariantGroup;
			children = (
				4B477A241D3721F800052172 /* Base */,
			);
			name = Main.storyboard;
			sourceTree = "<group>";
		};
		4B477A281D3721F800052172 /* LaunchScreen.storyboard */ = {
			isa = PBXVariantGroup;
			children = (
				4B477A291D3721F800052172 /* Base */,
			);
			name = LaunchScreen.storyboard;
			sourceTree = "<group>";
		};
/* End PBXVariantGroup section */

/* Begin XCBuildConfiguration section */
		4B477A2C1D3721F800052172 /* Debug */ = {
			isa = XCBuildConfiguration;
			buildSettings = {
				ALWAYS_SEARCH_USER_PATHS = NO;
				CLANG_ANALYZER_NONNULL = YES;
				CLANG_CXX_LANGUAGE_STANDARD = "gnu++0x";
				CLANG_CXX_LIBRARY = "libc++";
				CLANG_ENABLE_MODULES = YES;
				CLANG_ENABLE_OBJC_ARC = YES;
				CLANG_WARN_BOOL_CONVERSION = YES;
				CLANG_WARN_CONSTANT_CONVERSION = YES;
				CLANG_WARN_DIRECT_OBJC_ISA_USAGE = YES_ERROR;
				CLANG_WARN_EMPTY_BODY = YES;
				CLANG_WARN_ENUM_CONVERSION = YES;
				CLANG_WARN_INT_CONVERSION = YES;
				CLANG_WARN_OBJC_ROOT_CLASS = YES_ERROR;
				CLANG_WARN_UNREACHABLE_CODE = YES;
				CLANG_WARN__DUPLICATE_METHOD_MATCH = YES;
				"CODE_SIGN_IDENTITY[sdk=iphoneos*]" = "iPhone Developer";
				COPY_PHASE_STRIP = NO;
				DEBUG_INFORMATION_FORMAT = dwarf;
				ENABLE_STRICT_OBJC_MSGSEND = YES;
				ENABLE_TESTABILITY = YES;
				GCC_C_LANGUAGE_STANDARD = gnu99;
				GCC_DYNAMIC_NO_PIC = NO;
				GCC_NO_COMMON_BLOCKS = YES;
				GCC_OPTIMIZATION_LEVEL = 0;
				GCC_PREPROCESSOR_DEFINITIONS = (
					"DEBUG=1",
					"$(inherited)",
				);
				GCC_WARN_64_TO_32_BIT_CONVERSION = YES;
				GCC_WARN_ABOUT_RETURN_TYPE = YES_ERROR;
				GCC_WARN_UNDECLARED_SELECTOR = YES;
				GCC_WARN_UNINITIALIZED_AUTOS = YES_AGGRESSIVE;
				GCC_WARN_UNUSED_FUNCTION = YES;
				GCC_WARN_UNUSED_VARIABLE = YES;
				IPHONEOS_DEPLOYMENT_TARGET = 9.3;
				MTL_ENABLE_DEBUG_INFO = YES;
				ONLY_ACTIVE_ARCH = YES;
				SDKROOT = iphoneos;
				SWIFT_OPTIMIZATION_LEVEL = "-Onone";
				TARGETED_DEVICE_FAMILY = "1,2";
			};
			name = Debug;
		};
		4B477A2D1D3721F800052172 /* Release */ = {
			isa = XCBuildConfiguration;
			buildSettings = {
				ALWAYS_SEARCH_USER_PATHS = NO;
				CLANG_ANALYZER_NONNULL = YES;
				CLANG_CXX_LANGUAGE_STANDARD = "gnu++0x";
				CLANG_CXX_LIBRARY = "libc++";
				CLANG_ENABLE_MODULES = YES;
				CLANG_ENABLE_OBJC_ARC = YES;
				CLANG_WARN_BOOL_CONVERSION = YES;
				CLANG_WARN_CONSTANT_CONVERSION = YES;
				CLANG_WARN_DIRECT_OBJC_ISA_USAGE = YES_ERROR;
				CLANG_WARN_EMPTY_BODY = YES;
				CLANG_WARN_ENUM_CONVERSION = YES;
				CLANG_WARN_INT_CONVERSION = YES;
				CLANG_WARN_OBJC_ROOT_CLASS = YES_ERROR;
				CLANG_WARN_UNREACHABLE_CODE = YES;
				CLANG_WARN__DUPLICATE_METHOD_MATCH = YES;
				"CODE_SIGN_IDENTITY[sdk=iphoneos*]" = "iPhone Developer";
				COPY_PHASE_STRIP = NO;
				DEBUG_INFORMATION_FORMAT = "dwarf-with-dsym";
				ENABLE_NS_ASSERTIONS = NO;
				ENABLE_STRICT_OBJC_MSGSEND = YES;
				GCC_C_LANGUAGE_STANDARD = gnu99;
				GCC_NO_COMMON_BLOCKS = YES;
				GCC_WARN_64_TO_32_BIT_CONVERSION = YES;
				GCC_WARN_ABOUT_RETURN_TYPE = YES_ERROR;
				GCC_WARN_UNDECLARED_SELECTOR = YES;
				GCC_WARN_UNINITIALIZED_AUTOS = YES_AGGRESSIVE;
				GCC_WARN_UNUSED_FUNCTION = YES;
				GCC_WARN_UNUSED_VARIABLE = YES;
				IPHONEOS_DEPLOYMENT_TARGET = 9.3;
				MTL_ENABLE_DEBUG_INFO = NO;
				SDKROOT = iphoneos;
				TARGETED_DEVICE_FAMILY = "1,2";
				VALIDATE_PRODUCT = YES;
			};
			name = Release;
		};
		4B477A2F1D3721F800052172 /* Debug */ = {
			isa = XCBuildConfiguration;
			buildSettings = {
				ASSETCATALOG_COMPILER_APPICON_NAME = AppIcon;
				INFOPLIST_FILE = PokeMap/Info.plist;
				LD_RUNPATH_SEARCH_PATHS = "$(inherited) @executable_path/Frameworks";
				PRODUCT_BUNDLE_IDENTIFIER = oskarzhang.PokeMap;
				PRODUCT_NAME = "$(TARGET_NAME)";
			};
			name = Debug;
		};
		4B477A301D3721F800052172 /* Release */ = {
			isa = XCBuildConfiguration;
			buildSettings = {
				ASSETCATALOG_COMPILER_APPICON_NAME = AppIcon;
				INFOPLIST_FILE = PokeMap/Info.plist;
				LD_RUNPATH_SEARCH_PATHS = "$(inherited) @executable_path/Frameworks";
				PRODUCT_BUNDLE_IDENTIFIER = oskarzhang.PokeMap;
				PRODUCT_NAME = "$(TARGET_NAME)";
			};
			name = Release;
		};
/* End XCBuildConfiguration section */

/* Begin XCConfigurationList section */
		4B477A171D3721F800052172 /* Build configuration list for PBXProject "PokeMap" */ = {
			isa = XCConfigurationList;
			buildConfigurations = (
				4B477A2C1D3721F800052172 /* Debug */,
				4B477A2D1D3721F800052172 /* Release */,
			);
			defaultConfigurationIsVisible = 0;
			defaultConfigurationName = Release;
		};
		4B477A2E1D3721F800052172 /* Build configuration list for PBXNativeTarget "PokeMap" */ = {
			isa = XCConfigurationList;
			buildConfigurations = (
				4B477A2F1D3721F800052172 /* Debug */,
				4B477A301D3721F800052172 /* Release */,
			);
			defaultConfigurationIsVisible = 0;
		};
/* End XCConfigurationList section */
	};
	rootObject = 4B477A141D3721F700052172 /* Project object */;
}
